{
  "requires": true,
  "lockfileVersion": 1,
  "dependencies": {
    "@babel/runtime": {
      "version": "7.8.7",
      "resolved": "https://registry.npm.taobao.org/@babel/runtime/download/@babel/runtime-7.8.7.tgz",
      "integrity": "sha1-j+/OmALbVIgbpZ+Quyhxm0mWMk0=",
      "requires": {
        "regenerator-runtime": "^0.13.4"
      }
    },
    "@nivo/colors": {
      "version": "0.61.0",
      "resolved": "https://registry.npm.taobao.org/@nivo/colors/download/@nivo/colors-0.61.0.tgz",
      "integrity": "sha1-WvKm2LHSLHhpUMyfsHwhaoClQf8=",
      "requires": {
        "d3-color": "^1.2.3",
        "d3-scale": "^3.0.0",
        "d3-scale-chromatic": "^1.3.3",
        "lodash.get": "^4.4.2",
        "lodash.isplainobject": "^4.0.6",
        "react-motion": "^0.5.2"
      }
    },
    "@nivo/core": {
      "version": "0.61.0",
      "resolved": "https://registry.npm.taobao.org/@nivo/core/download/@nivo/core-0.61.0.tgz",
      "integrity": "sha1-ZlgaDi3E+PgCvQ8VFfHyJpsFleA=",
      "requires": {
        "@nivo/tooltip": "0.61.0",
        "d3-color": "^1.2.3",
        "d3-format": "^1.3.2",
        "d3-hierarchy": "^1.1.8",
        "d3-interpolate": "^1.3.2",
        "d3-scale": "^3.0.0",
        "d3-scale-chromatic": "^1.3.3",
        "d3-shape": "^1.3.5",
        "d3-time-format": "^2.1.3",
        "lodash": "^4.17.11",
        "react-measure": "^2.2.4",
        "react-motion": "^0.5.2",
        "recompose": "^0.30.0"
      }
    },
    "@nivo/legends": {
      "version": "0.61.1",
      "resolved": "https://registry.npm.taobao.org/@nivo/legends/download/@nivo/legends-0.61.1.tgz",
      "integrity": "sha1-VKwSOyVEnnZjBns+AZx9OpQppvk=",
      "requires": {
        "@nivo/core": "0.61.0",
        "lodash": "^4.17.11",
        "recompose": "^0.30.0"
      }
    },
    "@nivo/pie": {
      "version": "0.61.1",
      "resolved": "https://registry.npm.taobao.org/@nivo/pie/download/@nivo/pie-0.61.1.tgz",
      "integrity": "sha1-wp5oPw6RAUcoIYa+TEaTvuVF9ZQ=",
      "requires": {
        "@nivo/colors": "0.61.0",
        "@nivo/core": "0.61.0",
        "@nivo/legends": "0.61.1",
        "@nivo/tooltip": "0.61.0",
        "d3-shape": "^1.3.5",
        "lodash": "^4.17.11",
        "react-motion": "^0.5.2",
        "recompose": "^0.30.0"
      }
    },
    "@nivo/tooltip": {
      "version": "0.61.0",
      "resolved": "https://registry.npm.taobao.org/@nivo/tooltip/download/@nivo/tooltip-0.61.0.tgz",
      "integrity": "sha1-v4sGoY9B/JBy4/LZWR67ubRcKlQ=",
      "requires": {
        "@nivo/core": "0.61.0",
        "react-measure": "^2.2.4",
        "react-motion": "^0.5.2"
      }
    },
    "asap": {
      "version": "2.0.6",
      "resolved": "https://registry.npm.taobao.org/asap/download/asap-2.0.6.tgz",
      "integrity": "sha1-5QNHYR1+aQlDIIu9r+vLwvuGbUY="
    },
    "change-emitter": {
      "version": "0.1.6",
      "resolved": "https://registry.npm.taobao.org/change-emitter/download/change-emitter-0.1.6.tgz",
      "integrity": "sha1-6LL+PX8at9aaMhma/5HqaTFAlRU="
    },
    "core-js": {
      "version": "1.2.7",
      "resolved": "https://registry.npm.taobao.org/core-js/download/core-js-1.2.7.tgz",
      "integrity": "sha1-ZSKUwUZR2yj6k70tX/KYOk8IxjY="
    },
    "d3-array": {
      "version": "2.4.0",
      "resolved": "https://registry.npm.taobao.org/d3-array/download/d3-array-2.4.0.tgz",
      "integrity": "sha1-h/i5rREIh2nIK16oRryxzJOT8kI="
    },
    "d3-color": {
      "version": "1.4.0",
      "resolved": "https://registry.npm.taobao.org/d3-color/download/d3-color-1.4.0.tgz",
      "integrity": "sha1-icRamV7Xc7EzFPBkYN8m1gug7K8="
    },
    "d3-format": {
      "version": "1.4.3",
      "resolved": "https://registry.npm.taobao.org/d3-format/download/d3-format-1.4.3.tgz",
      "integrity": "sha1-To603/P9y4kahInsbmmGAcQblvE="
    },
    "d3-hierarchy": {
      "version": "1.1.9",
      "resolved": "https://registry.npm.taobao.org/d3-hierarchy/download/d3-hierarchy-1.1.9.tgz",
      "integrity": "sha1-L2vuJMqupD+Nw3VF+gFihVlkeoM="
    },
    "d3-interpolate": {
      "version": "1.4.0",
      "resolved": "https://registry.npm.taobao.org/d3-interpolate/download/d3-interpolate-1.4.0.tgz",
      "integrity": "sha1-Um554tgNqjg/ngwcHH3MDwWD6Yc=",
      "requires": {
        "d3-color": "1"
      }
    },
    "d3-path": {
      "version": "1.0.9",
      "resolved": "https://registry.npm.taobao.org/d3-path/download/d3-path-1.0.9.tgz",
      "integrity": "sha1-SMBQux/owmJJOoyvVSTj6VkXAc8="
    },
    "d3-scale": {
      "version": "3.2.1",
      "resolved": "https://registry.npm.taobao.org/d3-scale/download/d3-scale-3.2.1.tgz",
      "integrity": "sha1-2haErc5yYbS8enb+GT2Ifw6Qnmk=",
      "requires": {
        "d3-array": "1.2.0 - 2",
        "d3-format": "1",
        "d3-interpolate": "^1.2.0",
        "d3-time": "1",
        "d3-time-format": "2"
      }
    },
    "d3-scale-chromatic": {
      "version": "1.5.0",
      "resolved": "https://registry.npm.taobao.org/d3-scale-chromatic/download/d3-scale-chromatic-1.5.0.tgz",
      "integrity": "sha1-VOMz/HghL0ObFGQftVgB3YETWpg=",
      "requires": {
        "d3-color": "1",
        "d3-interpolate": "1"
      }
    },
    "d3-shape": {
      "version": "1.3.7",
      "resolved": "https://registry.npm.taobao.org/d3-shape/download/d3-shape-1.3.7.tgz?cache=0&sync_timestamp=1577638870901&other_urls=https%3A%2F%2Fregistry.npm.taobao.org%2Fd3-shape%2Fdownload%2Fd3-shape-1.3.7.tgz",
      "integrity": "sha1-32OAG+B7yYa8VPY3ibT+UCmStdc=",
      "requires": {
        "d3-path": "1"
      }
    },
    "d3-time": {
      "version": "1.1.0",
      "resolved": "https://registry.npm.taobao.org/d3-time/download/d3-time-1.1.0.tgz",
      "integrity": "sha1-seGdMH2unJALflsl/8XcwkmooPE="
    },
    "d3-time-format": {
      "version": "2.2.3",
      "resolved": "https://registry.npm.taobao.org/d3-time-format/download/d3-time-format-2.2.3.tgz",
      "integrity": "sha1-DJoS7ig0KyA35eoc8LnrTddfKcs=",
      "requires": {
        "d3-time": "1"
      }
    },
    "encoding": {
      "version": "0.1.12",
      "resolved": "https://registry.npm.taobao.org/encoding/download/encoding-0.1.12.tgz",
      "integrity": "sha1-U4tm8+5izRq1HsMjgp0flIDHS+s=",
      "requires": {
        "iconv-lite": "~0.4.13"
      }
    },
    "fbjs": {
      "version": "0.8.17",
      "resolved": "https://registry.npm.taobao.org/fbjs/download/fbjs-0.8.17.tgz?cache=0&other_urls=https%3A%2F%2Fregistry.npm.taobao.org%2Ffbjs%2Fdownload%2Ffbjs-0.8.17.tgz",
      "integrity": "sha1-xNWY6taUkRJlPWWIsBpc3Nn5D90=",
      "requires": {
        "core-js": "^1.0.0",
        "isomorphic-fetch": "^2.1.1",
        "loose-envify": "^1.0.0",
        "object-assign": "^4.1.0",
        "promise": "^7.1.1",
        "setimmediate": "^1.0.5",
        "ua-parser-js": "^0.7.18"
      }
    },
    "get-node-dimensions": {
      "version": "1.2.1",
      "resolved": "https://registry.npm.taobao.org/get-node-dimensions/download/get-node-dimensions-1.2.1.tgz",
      "integrity": "sha1-+3tLtXBg+0JH3VHJ1pDfvsVrCCM="
    },
    "hoist-non-react-statics": {
      "version": "2.5.5",
      "resolved": "https://registry.npm.taobao.org/hoist-non-react-statics/download/hoist-non-react-statics-2.5.5.tgz",
      "integrity": "sha1-xZA89AnA39kI84jmGdhrnBF0y0c="
    },
    "iconv-lite": {
      "version": "0.4.24",
      "resolved": "https://registry.npm.taobao.org/iconv-lite/download/iconv-lite-0.4.24.tgz",
      "integrity": "sha1-ICK0sl+93CHS9SSXSkdKr+czkIs=",
      "requires": {
        "safer-buffer": ">= 2.1.2 < 3"
      }
    },
    "is-stream": {
      "version": "1.1.0",
      "resolved": "https://registry.npm.taobao.org/is-stream/download/is-stream-1.1.0.tgz",
      "integrity": "sha1-EtSj3U5o4Lec6428hBc66A2RykQ="
    },
    "isomorphic-fetch": {
      "version": "2.2.1",
      "resolved": "https://registry.npm.taobao.org/isomorphic-fetch/download/isomorphic-fetch-2.2.1.tgz",
      "integrity": "sha1-YRrhrPFPXoH3KVB0coGf6XM1WKk=",
      "requires": {
        "node-fetch": "^1.0.1",
        "whatwg-fetch": ">=0.10.0"
      }
    },
    "js-tokens": {
      "version": "4.0.0",
      "resolved": "https://registry.npm.taobao.org/js-tokens/download/js-tokens-4.0.0.tgz",
      "integrity": "sha1-GSA/tZmR35jjoocFDUZHzerzJJk="
    },
    "lodash": {
      "version": "4.17.15",
      "resolved": "https://registry.npm.taobao.org/lodash/download/lodash-4.17.15.tgz?cache=0&sync_timestamp=1563503395559&other_urls=https%3A%2F%2Fregistry.npm.taobao.org%2Flodash%2Fdownload%2Flodash-4.17.15.tgz",
      "integrity": "sha1-tEf2ZwoEVbv+7dETku/zMOoJdUg="
    },
    "lodash.get": {
      "version": "4.4.2",
      "resolved": "https://registry.npm.taobao.org/lodash.get/download/lodash.get-4.4.2.tgz",
      "integrity": "sha1-LRd/ZS+jHpObRDjVNBSZ36OCXpk="
    },
    "lodash.isplainobject": {
      "version": "4.0.6",
      "resolved": "https://registry.npm.taobao.org/lodash.isplainobject/download/lodash.isplainobject-4.0.6.tgz",
      "integrity": "sha1-fFJqUtibRcRcxpC4gWO+BJf1UMs="
    },
    "loose-envify": {
      "version": "1.4.0",
      "resolved": "https://registry.npm.taobao.org/loose-envify/download/loose-envify-1.4.0.tgz",
      "integrity": "sha1-ce5R+nvkyuwaY4OffmgtgTLTDK8=",
      "requires": {
        "js-tokens": "^3.0.0 || ^4.0.0"
      }
    },
    "node-fetch": {
      "version": "1.7.3",
      "resolved": "https://registry.npm.taobao.org/node-fetch/download/node-fetch-1.7.3.tgz",
      "integrity": "sha1-mA9vcthSEaU0fGsrwYxbhMPrR+8=",
      "requires": {
        "encoding": "^0.1.11",
        "is-stream": "^1.0.1"
      }
    },
    "object-assign": {
      "version": "4.1.1",
      "resolved": "https://registry.npm.taobao.org/object-assign/download/object-assign-4.1.1.tgz",
      "integrity": "sha1-IQmtx5ZYh8/AXLvUQsrIv7s2CGM="
    },
    "performance-now": {
      "version": "0.2.0",
      "resolved": "https://registry.npm.taobao.org/performance-now/download/performance-now-0.2.0.tgz",
      "integrity": "sha1-M+8wxcd9TqIcWlOGnZG1bY8lVeU="
    },
    "promise": {
      "version": "7.3.1",
      "resolved": "https://registry.npm.taobao.org/promise/download/promise-7.3.1.tgz",
      "integrity": "sha1-BktyYCsY+Q8pGSuLG8QY/9Hr078=",
      "requires": {
        "asap": "~2.0.3"
      }
    },
    "prop-types": {
      "version": "15.7.2",
      "resolved": "https://registry.npm.taobao.org/prop-types/download/prop-types-15.7.2.tgz",
      "integrity": "sha1-UsQedbjIfnK52TYOAga5ncv/psU=",
      "requires": {
        "loose-envify": "^1.4.0",
        "object-assign": "^4.1.1",
        "react-is": "^16.8.1"
      }
    },
    "raf": {
      "version": "3.4.1",
      "resolved": "https://registry.npm.taobao.org/raf/download/raf-3.4.1.tgz",
      "integrity": "sha1-B0LpmkplUvRF1z4+4DKK8P8e3jk=",
      "requires": {
        "performance-now": "^2.1.0"
      },
      "dependencies": {
        "performance-now": {
          "version": "2.1.0",
          "resolved": "https://registry.npm.taobao.org/performance-now/download/performance-now-2.1.0.tgz",
          "integrity": "sha1-Ywn04OX6kT7BxpMHrjZLSzd8nns="
        }
      }
    },
    "react-is": {
      "version": "16.13.0",
      "resolved": "https://registry.npm.taobao.org/react-is/download/react-is-16.13.0.tgz",
      "integrity": "sha1-DzfDYTw0/ms3zX92Og1ik6sVxSc="
    },
    "react-lifecycles-compat": {
      "version": "3.0.4",
      "resolved": "https://registry.npm.taobao.org/react-lifecycles-compat/download/react-lifecycles-compat-3.0.4.tgz",
      "integrity": "sha1-TxonOv38jzSIqMUWv9p4+HI1I2I="
    },
    "react-measure": {
      "version": "2.3.0",
      "resolved": "https://registry.npm.taobao.org/react-measure/download/react-measure-2.3.0.tgz",
      "integrity": "sha1-dYNdOavsmuE1F/NagZwWCZenpE4=",
      "requires": {
        "@babel/runtime": "^7.2.0",
        "get-node-dimensions": "^1.2.1",
        "prop-types": "^15.6.2",
        "resize-observer-polyfill": "^1.5.0"
      }
    },
    "react-motion": {
      "version": "0.5.2",
      "resolved": "https://registry.npm.taobao.org/react-motion/download/react-motion-0.5.2.tgz",
      "integrity": "sha1-DdOmnkETFlZ5J5F8ZiZVG6BgcxY=",
      "requires": {
        "performance-now": "^0.2.0",
        "prop-types": "^15.5.8",
        "raf": "^3.1.0"
      }
    },
    "recompose": {
      "version": "0.30.0",
      "resolved": "https://registry.npm.taobao.org/recompose/download/recompose-0.30.0.tgz",
      "integrity": "sha1-gnc2QbOSfox9JKDYfWWu66GKq9A=",
      "requires": {
        "@babel/runtime": "^7.0.0",
        "change-emitter": "^0.1.2",
        "fbjs": "^0.8.1",
        "hoist-non-react-statics": "^2.3.1",
        "react-lifecycles-compat": "^3.0.2",
        "symbol-observable": "^1.0.4"
      }
    },
    "regenerator-runtime": {
      "version": "0.13.4",
      "resolved": "https://registry.npm.taobao.org/regenerator-runtime/download/regenerator-runtime-0.13.4.tgz?cache=0&other_urls=https%3A%2F%2Fregistry.npm.taobao.org%2Fregenerator-runtime%2Fdownload%2Fregenerator-runtime-0.13.4.tgz",
      "integrity": "sha1-6Wv2EqM2LRK7affo90/+qyXHrJE="
    },
    "resize-observer-polyfill": {
      "version": "1.5.1",
      "resolved": "https://registry.npm.taobao.org/resize-observer-polyfill/download/resize-observer-polyfill-1.5.1.tgz",
      "integrity": "sha1-DpAg3T0hAkRY1OvSfiPkAmmBBGQ="
    },
    "safer-buffer": {
      "version": "2.1.2",
      "resolved": "https://registry.npm.taobao.org/safer-buffer/download/safer-buffer-2.1.2.tgz",
      "integrity": "sha1-RPoWGwGHuVSd2Eu5GAL5vYOFzWo="
    },
    "setimmediate": {
      "version": "1.0.5",
      "resolved": "https://registry.npm.taobao.org/setimmediate/download/setimmediate-1.0.5.tgz",
      "integrity": "sha1-KQy7Iy4waULX1+qbg3Mqt4VvgoU="
    },
    "symbol-observable": {
      "version": "1.2.0",
      "resolved": "https://registry.npm.taobao.org/symbol-observable/download/symbol-observable-1.2.0.tgz",
      "integrity": "sha1-wiaIrtTqs83C3+rLtWFmBWCgCAQ="
    },
    "ua-parser-js": {
      "version": "0.7.21",
      "resolved": "https://registry.npm.taobao.org/ua-parser-js/download/ua-parser-js-0.7.21.tgz",
      "integrity": "sha1-hTz5zpP2QvZxdCc8w0Vlrm8wh3c="
    },
    "whatwg-fetch": {
      "version": "3.0.0",
      "resolved": "https://registry.npm.taobao.org/whatwg-fetch/download/whatwg-fetch-3.0.0.tgz",
      "integrity": "sha1-/IBORYzEYACbGiuWa8iBfSV4rvs="
    }
  }
}
